
Microsoft Visual Studio Solution File, Format Version 12.00
# Visual Studio Version 17
VisualStudioVersion = 17.5.33516.290
MinimumVisualStudioVersion = 10.0.40219.1
Project("{9A19103F-16F7-4668-BE54-9A1E7A4F7556}") = "SimpleReverseShell", "SimpleReverseShell\SimpleReverseShell.csproj", "{0A1133F7-01F0-453B-A034-CA771A1D45DF}"
EndProject
Project("{FAE04EC0-301F-11D3-BF4B-00C04F79EFBC}") = "Win32Imports", "Win32Imports\Win32Imports.csproj", "{6B1930F9-B929-41FB-8D3B-D187BC0EBD08}"
EndProject
Project("{FAE04EC0-301F-11D3-BF4B-00C04F79EFBC}") = "EvasiveShell_SocketCreation", "EvasiveShell\EvasiveShell_SocketCreation.csproj", "{621E1D98-847D-4D7B-8333-F3B3291C4744}"
EndProject
Project("{FAE04EC0-301F-11D3-BF4B-00C04F79EFBC}") = "EvasiveShell_SocketReader", "EvasiveShell_SocketReader\EvasiveShell_SocketReader.csproj", "{542C9B5B-D2F1-4040-B4BD-D213E7451327}"
EndProject
Global
	GlobalSection(SolutionConfigurationPlatforms) = preSolution
		Debug|Any CPU = Debug|Any CPU
		Release|Any CPU = Release|Any CPU
	EndGlobalSection
	GlobalSection(ProjectConfigurationPlatforms) = postSolution
		{0A1133F7-01F0-453B-A034-CA771A1D45DF}.Debug|Any CPU.ActiveCfg = Debug|Any CPU
		{0A1133F7-01F0-453B-A034-CA771A1D45DF}.Debug|Any CPU.Build.0 = Debug|Any CPU
		{0A1133F7-01F0-453B-A034-CA771A1D45DF}.Release|Any CPU.ActiveCfg = Release|Any CPU
		{0A1133F7-01F0-453B-A034-CA771A1D45DF}.Release|Any CPU.Build.0 = Release|Any CPU
		{6B1930F9-B929-41FB-8D3B-D187BC0EBD08}.Debug|Any CPU.ActiveCfg = Debug|Any CPU
		{6B1930F9-B929-41FB-8D3B-D187BC0EBD08}.Debug|Any CPU.Build.0 = Debug|Any CPU
		{6B1930F9-B929-41FB-8D3B-D187BC0EBD08}.Release|Any CPU.ActiveCfg = Release|Any CPU
		{6B1930F9-B929-41FB-8D3B-D187BC0EBD08}.Release|Any CPU.Build.0 = Release|Any CPU
		{621E1D98-847D-4D7B-8333-F3B3291C4744}.Debug|Any CPU.ActiveCfg = Debug|Any CPU
		{621E1D98-847D-4D7B-8333-F3B3291C4744}.Debug|Any CPU.Build.0 = Debug|Any CPU
		{621E1D98-847D-4D7B-8333-F3B3291C4744}.Release|Any CPU.ActiveCfg = Release|Any CPU
		{621E1D98-847D-4D7B-8333-F3B3291C4744}.Release|Any CPU.Build.0 = Release|Any CPU
		{542C9B5B-D2F1-4040-B4BD-D213E7451327}.Debug|Any CPU.ActiveCfg = Debug|Any CPU
		{542C9B5B-D2F1-4040-B4BD-D213E7451327}.Debug|Any CPU.Build.0 = Debug|Any CPU
		{542C9B5B-D2F1-4040-B4BD-D213E7451327}.Release|Any CPU.ActiveCfg = Release|Any CPU
		{542C9B5B-D2F1-4040-B4BD-D213E7451327}.Release|Any CPU.Build.0 = Release|Any CPU
	EndGlobalSection
	GlobalSection(SolutionProperties) = preSolution
		HideSolutionNode = FALSE
	EndGlobalSection
	GlobalSection(ExtensibilityGlobals) = postSolution
		SolutionGuid = {AD8C5CF5-BB5A-4BF3-867C-A98D79B77D32}
	EndGlobalSection
EndGlobal
