
Microsoft Visual Studio Solution File, Format Version 12.00
# Visual Studio Version 17
VisualStudioVersion = 17.5.33516.290
MinimumVisualStudioVersion = 10.0.40219.1
Project("{9A19103F-16F7-4668-BE54-9A1E7A4F7556}") = "SimpleReverseShell", "SimpleReverseShell\SimpleReverseShell.csproj", "{0A1133F7-01F0-453B-A034-CA771A1D45DF}"
EndProject
Project("{9A19103F-16F7-4668-BE54-9A1E7A4F7556}") = "Win32Imports", "Win32Imports\Win32Imports.csproj", "{6B1930F9-B929-41FB-8D3B-D187BC0EBD08}"
EndProject
Project("{9A19103F-16F7-4668-BE54-9A1E7A4F7556}") = "EvasiveShell_SocketCreation", "EvasiveShell\EvasiveShell_SocketCreation.csproj", "{621E1D98-847D-4D7B-8333-F3B3291C4744}"
EndProject
Project("{9A19103F-16F7-4668-BE54-9A1E7A4F7556}") = "EvasiveShell_SocketReader", "EvasiveShell_SocketReader\EvasiveShell_SocketReader.csproj", "{542C9B5B-D2F1-4040-B4BD-D213E7451327}"
EndProject
Project("{9A19103F-16F7-4668-BE54-9A1E7A4F7556}") = "SocketSerializationTesting", "SocketSerializationTesting\SocketSerializationTesting.csproj", "{C717A1BC-BF3C-40BB-8CDA-2BF61E00C22B}"
EndProject
Project("{8BC9CEB8-8B4A-11D0-8D11-00A0C91BC942}") = "SimpleCShell", "SimpleCShell\SimpleCShell.vcxproj", "{A18731EB-C584-428B-AF15-9607C2535115}"
EndProject
Global
	GlobalSection(SolutionConfigurationPlatforms) = preSolution
		Debug|Any CPU = Debug|Any CPU
		Debug|x64 = Debug|x64
		Debug|x86 = Debug|x86
		Release|Any CPU = Release|Any CPU
		Release|x64 = Release|x64
		Release|x86 = Release|x86
	EndGlobalSection
	GlobalSection(ProjectConfigurationPlatforms) = postSolution
		{0A1133F7-01F0-453B-A034-CA771A1D45DF}.Debug|Any CPU.ActiveCfg = Debug|Any CPU
		{0A1133F7-01F0-453B-A034-CA771A1D45DF}.Debug|Any CPU.Build.0 = Debug|Any CPU
		{0A1133F7-01F0-453B-A034-CA771A1D45DF}.Debug|x64.ActiveCfg = Debug|Any CPU
		{0A1133F7-01F0-453B-A034-CA771A1D45DF}.Debug|x64.Build.0 = Debug|Any CPU
		{0A1133F7-01F0-453B-A034-CA771A1D45DF}.Debug|x86.ActiveCfg = Debug|Any CPU
		{0A1133F7-01F0-453B-A034-CA771A1D45DF}.Debug|x86.Build.0 = Debug|Any CPU
		{0A1133F7-01F0-453B-A034-CA771A1D45DF}.Release|Any CPU.ActiveCfg = Release|Any CPU
		{0A1133F7-01F0-453B-A034-CA771A1D45DF}.Release|Any CPU.Build.0 = Release|Any CPU
		{0A1133F7-01F0-453B-A034-CA771A1D45DF}.Release|x64.ActiveCfg = Release|Any CPU
		{0A1133F7-01F0-453B-A034-CA771A1D45DF}.Release|x64.Build.0 = Release|Any CPU
		{0A1133F7-01F0-453B-A034-CA771A1D45DF}.Release|x86.ActiveCfg = Release|Any CPU
		{0A1133F7-01F0-453B-A034-CA771A1D45DF}.Release|x86.Build.0 = Release|Any CPU
		{6B1930F9-B929-41FB-8D3B-D187BC0EBD08}.Debug|Any CPU.ActiveCfg = Debug|Any CPU
		{6B1930F9-B929-41FB-8D3B-D187BC0EBD08}.Debug|Any CPU.Build.0 = Debug|Any CPU
		{6B1930F9-B929-41FB-8D3B-D187BC0EBD08}.Debug|x64.ActiveCfg = Debug|Any CPU
		{6B1930F9-B929-41FB-8D3B-D187BC0EBD08}.Debug|x64.Build.0 = Debug|Any CPU
		{6B1930F9-B929-41FB-8D3B-D187BC0EBD08}.Debug|x86.ActiveCfg = Debug|Any CPU
		{6B1930F9-B929-41FB-8D3B-D187BC0EBD08}.Debug|x86.Build.0 = Debug|Any CPU
		{6B1930F9-B929-41FB-8D3B-D187BC0EBD08}.Release|Any CPU.ActiveCfg = Release|Any CPU
		{6B1930F9-B929-41FB-8D3B-D187BC0EBD08}.Release|Any CPU.Build.0 = Release|Any CPU
		{6B1930F9-B929-41FB-8D3B-D187BC0EBD08}.Release|x64.ActiveCfg = Release|Any CPU
		{6B1930F9-B929-41FB-8D3B-D187BC0EBD08}.Release|x64.Build.0 = Release|Any CPU
		{6B1930F9-B929-41FB-8D3B-D187BC0EBD08}.Release|x86.ActiveCfg = Release|Any CPU
		{6B1930F9-B929-41FB-8D3B-D187BC0EBD08}.Release|x86.Build.0 = Release|Any CPU
		{621E1D98-847D-4D7B-8333-F3B3291C4744}.Debug|Any CPU.ActiveCfg = Debug|Any CPU
		{621E1D98-847D-4D7B-8333-F3B3291C4744}.Debug|Any CPU.Build.0 = Debug|Any CPU
		{621E1D98-847D-4D7B-8333-F3B3291C4744}.Debug|x64.ActiveCfg = Debug|Any CPU
		{621E1D98-847D-4D7B-8333-F3B3291C4744}.Debug|x64.Build.0 = Debug|Any CPU
		{621E1D98-847D-4D7B-8333-F3B3291C4744}.Debug|x86.ActiveCfg = Debug|Any CPU
		{621E1D98-847D-4D7B-8333-F3B3291C4744}.Debug|x86.Build.0 = Debug|Any CPU
		{621E1D98-847D-4D7B-8333-F3B3291C4744}.Release|Any CPU.ActiveCfg = Release|Any CPU
		{621E1D98-847D-4D7B-8333-F3B3291C4744}.Release|Any CPU.Build.0 = Release|Any CPU
		{621E1D98-847D-4D7B-8333-F3B3291C4744}.Release|x64.ActiveCfg = Release|Any CPU
		{621E1D98-847D-4D7B-8333-F3B3291C4744}.Release|x64.Build.0 = Release|Any CPU
		{621E1D98-847D-4D7B-8333-F3B3291C4744}.Release|x86.ActiveCfg = Release|Any CPU
		{621E1D98-847D-4D7B-8333-F3B3291C4744}.Release|x86.Build.0 = Release|Any CPU
		{542C9B5B-D2F1-4040-B4BD-D213E7451327}.Debug|Any CPU.ActiveCfg = Debug|Any CPU
		{542C9B5B-D2F1-4040-B4BD-D213E7451327}.Debug|Any CPU.Build.0 = Debug|Any CPU
		{542C9B5B-D2F1-4040-B4BD-D213E7451327}.Debug|x64.ActiveCfg = Debug|Any CPU
		{542C9B5B-D2F1-4040-B4BD-D213E7451327}.Debug|x64.Build.0 = Debug|Any CPU
		{542C9B5B-D2F1-4040-B4BD-D213E7451327}.Debug|x86.ActiveCfg = Debug|Any CPU
		{542C9B5B-D2F1-4040-B4BD-D213E7451327}.Debug|x86.Build.0 = Debug|Any CPU
		{542C9B5B-D2F1-4040-B4BD-D213E7451327}.Release|Any CPU.ActiveCfg = Release|Any CPU
		{542C9B5B-D2F1-4040-B4BD-D213E7451327}.Release|Any CPU.Build.0 = Release|Any CPU
		{542C9B5B-D2F1-4040-B4BD-D213E7451327}.Release|x64.ActiveCfg = Release|Any CPU
		{542C9B5B-D2F1-4040-B4BD-D213E7451327}.Release|x64.Build.0 = Release|Any CPU
		{542C9B5B-D2F1-4040-B4BD-D213E7451327}.Release|x86.ActiveCfg = Release|Any CPU
		{542C9B5B-D2F1-4040-B4BD-D213E7451327}.Release|x86.Build.0 = Release|Any CPU
		{C717A1BC-BF3C-40BB-8CDA-2BF61E00C22B}.Debug|Any CPU.ActiveCfg = Debug|Any CPU
		{C717A1BC-BF3C-40BB-8CDA-2BF61E00C22B}.Debug|Any CPU.Build.0 = Debug|Any CPU
		{C717A1BC-BF3C-40BB-8CDA-2BF61E00C22B}.Debug|x64.ActiveCfg = Debug|Any CPU
		{C717A1BC-BF3C-40BB-8CDA-2BF61E00C22B}.Debug|x64.Build.0 = Debug|Any CPU
		{C717A1BC-BF3C-40BB-8CDA-2BF61E00C22B}.Debug|x86.ActiveCfg = Debug|Any CPU
		{C717A1BC-BF3C-40BB-8CDA-2BF61E00C22B}.Debug|x86.Build.0 = Debug|Any CPU
		{C717A1BC-BF3C-40BB-8CDA-2BF61E00C22B}.Release|Any CPU.ActiveCfg = Release|Any CPU
		{C717A1BC-BF3C-40BB-8CDA-2BF61E00C22B}.Release|Any CPU.Build.0 = Release|Any CPU
		{C717A1BC-BF3C-40BB-8CDA-2BF61E00C22B}.Release|x64.ActiveCfg = Release|Any CPU
		{C717A1BC-BF3C-40BB-8CDA-2BF61E00C22B}.Release|x64.Build.0 = Release|Any CPU
		{C717A1BC-BF3C-40BB-8CDA-2BF61E00C22B}.Release|x86.ActiveCfg = Release|Any CPU
		{C717A1BC-BF3C-40BB-8CDA-2BF61E00C22B}.Release|x86.Build.0 = Release|Any CPU
		{A18731EB-C584-428B-AF15-9607C2535115}.Debug|Any CPU.ActiveCfg = Debug|x64
		{A18731EB-C584-428B-AF15-9607C2535115}.Debug|Any CPU.Build.0 = Debug|x64
		{A18731EB-C584-428B-AF15-9607C2535115}.Debug|x64.ActiveCfg = Debug|x64
		{A18731EB-C584-428B-AF15-9607C2535115}.Debug|x64.Build.0 = Debug|x64
		{A18731EB-C584-428B-AF15-9607C2535115}.Debug|x86.ActiveCfg = Debug|Win32
		{A18731EB-C584-428B-AF15-9607C2535115}.Debug|x86.Build.0 = Debug|Win32
		{A18731EB-C584-428B-AF15-9607C2535115}.Release|Any CPU.ActiveCfg = Release|x64
		{A18731EB-C584-428B-AF15-9607C2535115}.Release|Any CPU.Build.0 = Release|x64
		{A18731EB-C584-428B-AF15-9607C2535115}.Release|x64.ActiveCfg = Release|x64
		{A18731EB-C584-428B-AF15-9607C2535115}.Release|x64.Build.0 = Release|x64
		{A18731EB-C584-428B-AF15-9607C2535115}.Release|x86.ActiveCfg = Release|Win32
		{A18731EB-C584-428B-AF15-9607C2535115}.Release|x86.Build.0 = Release|Win32
	EndGlobalSection
	GlobalSection(SolutionProperties) = preSolution
		HideSolutionNode = FALSE
	EndGlobalSection
	GlobalSection(ExtensibilityGlobals) = postSolution
		SolutionGuid = {AD8C5CF5-BB5A-4BF3-867C-A98D79B77D32}
	EndGlobalSection
EndGlobal
